
Microsoft Visual Studio Solution File, Format Version 12.00
# Visual Studio Version 17
VisualStudioVersion = 17.4.33205.214
MinimumVisualStudioVersion = 10.0.40219.1
Project("{FAE04EC0-301F-11D3-BF4B-00C04F79EFBC}") = "SecretsManagerImplementation", "SecretsManagerImplementation\SecretsManagerImplementation.csproj", "{C5366958-EF8C-4302-87A9-D7DDFD356911}"
EndProject
Project("{FAE04EC0-301F-11D3-BF4B-00C04F79EFBC}") = "SecretsManagerImplementation.Data", "SecretsManagerImplementation.Data\SecretsManagerImplementation.Data.csproj", "{96068092-85B5-44E2-B4F2-EDACF9325A23}"
EndProject
Global
	GlobalSection(SolutionConfigurationPlatforms) = preSolution
		Debug|Any CPU = Debug|Any CPU
		Release|Any CPU = Release|Any CPU
	EndGlobalSection
	GlobalSection(ProjectConfigurationPlatforms) = postSolution
		{C5366958-EF8C-4302-87A9-D7DDFD356911}.Debug|Any CPU.ActiveCfg = Debug|Any CPU
		{C5366958-EF8C-4302-87A9-D7DDFD356911}.Debug|Any CPU.Build.0 = Debug|Any CPU
		{C5366958-EF8C-4302-87A9-D7DDFD356911}.Release|Any CPU.ActiveCfg = Release|Any CPU
		{C5366958-EF8C-4302-87A9-D7DDFD356911}.Release|Any CPU.Build.0 = Release|Any CPU
		{96068092-85B5-44E2-B4F2-EDACF9325A23}.Debug|Any CPU.ActiveCfg = Debug|Any CPU
		{96068092-85B5-44E2-B4F2-EDACF9325A23}.Debug|Any CPU.Build.0 = Debug|Any CPU
		{96068092-85B5-44E2-B4F2-EDACF9325A23}.Release|Any CPU.ActiveCfg = Release|Any CPU
		{96068092-85B5-44E2-B4F2-EDACF9325A23}.Release|Any CPU.Build.0 = Release|Any CPU
	EndGlobalSection
	GlobalSection(SolutionProperties) = preSolution
		HideSolutionNode = FALSE
	EndGlobalSection
	GlobalSection(ExtensibilityGlobals) = postSolution
		SolutionGuid = {94BC2FC8-7DFD-49D3-93C7-8FFA4BB546F6}
	EndGlobalSection
EndGlobal
